
Microsoft Visual Studio Solution File, Format Version 12.00
# Visual Studio 2013
VisualStudioVersion = 12.0.21005.1
MinimumVisualStudioVersion = 10.0.40219.1
Project("{2150E333-8FDC-42A3-9474-1A3956D46DE8}") = "Demos", "Demos", "{E2BFB297-7C3E-4817-961C-DD4B87318784}"
EndProject
Project("{2150E333-8FDC-42A3-9474-1A3956D46DE8}") = "Framework", "Framework", "{27655E33-DD4A-48BF-8EAA-C6964A40EA11}"
EndProject
Project("{2150E333-8FDC-42A3-9474-1A3956D46DE8}") = "Features", "Features", "{1C17ACBE-E68B-452F-829F-5D3DF866F663}"
EndProject
Project("{2150E333-8FDC-42A3-9474-1A3956D46DE8}") = "Servers", "Servers", "{1A93031F-9FA3-4F6D-9A76-1C55086E4831}"
EndProject
Project("{FAE04EC0-301F-11D3-BF4B-00C04F79EFBC}") = "Features.Full-40", "Features\Features.Full-40.csproj", "{DF4EBC65-BB65-44CE-A36B-ABD40E3D0BB4}"
EndProject
Project("{FAE04EC0-301F-11D3-BF4B-00C04F79EFBC}") = "Features.Full-45", "Features\Features.Full-45.csproj", "{7C61EEE9-0425-4430-B1FC-1C49A0152D7D}"
EndProject
Project("{FAE04EC0-301F-11D3-BF4B-00C04F79EFBC}") = "Framework.Full-40", "Framework\Framework.Full-40.csproj", "{DCED9231-8374-4DBF-9A2A-4D6B00134656}"
EndProject
Project("{FAE04EC0-301F-11D3-BF4B-00C04F79EFBC}") = "Framework.Full-45", "Framework\Framework.Full-45.csproj", "{71DAF171-2935-4D43-AA08-677245A91942}"
EndProject
Project("{FAE04EC0-301F-11D3-BF4B-00C04F79EFBC}") = "Framework.Tests.Full-40", "Framework.Tests\Framework.Tests.Full-40.csproj", "{50D779E5-341D-473F-A054-0606F2D931B4}"
EndProject
Project("{FAE04EC0-301F-11D3-BF4B-00C04F79EFBC}") = "Demo.Full-40", "Demo\Demo.Full-40.csproj", "{B3E55904-83E6-4203-B82B-10DF4EDDE8A1}"
EndProject
Project("{FAE04EC0-301F-11D3-BF4B-00C04F79EFBC}") = "Simple.Owin.Servers.Nowin.Full-45", "Servers\Simple.Owin.Servers.Nowin\Simple.Owin.Servers.Nowin.Full-45.csproj", "{4344DE58-E4FA-413B-B0B9-D2A339824A1E}"
EndProject
Project("{FAE04EC0-301F-11D3-BF4B-00C04F79EFBC}") = "Simple.Owin.Servers.TcpServer.Full-40", "Servers\Simple.Owin.Servers.TcpServer\Simple.Owin.Servers.TcpServer.Full-40.csproj", "{73186FFF-FE44-4F5E-890E-932BF7C88EA0}"
EndProject
Project("{FAE04EC0-301F-11D3-BF4B-00C04F79EFBC}") = "Simple.Owin.Servers.TcpServer.Full-45", "Servers\Simple.Owin.Servers.TcpServer\Simple.Owin.Servers.TcpServer.Full-45.csproj", "{D906E2CC-07B0-45D0-95F0-8ABF7999B787}"
EndProject
Global
	GlobalSection(SolutionConfigurationPlatforms) = preSolution
		Debug|Any CPU = Debug|Any CPU
		Release|Any CPU = Release|Any CPU
	EndGlobalSection
	GlobalSection(ProjectConfigurationPlatforms) = postSolution
		{DF4EBC65-BB65-44CE-A36B-ABD40E3D0BB4}.Debug|Any CPU.ActiveCfg = Debug|Any CPU
		{DF4EBC65-BB65-44CE-A36B-ABD40E3D0BB4}.Debug|Any CPU.Build.0 = Debug|Any CPU
		{DF4EBC65-BB65-44CE-A36B-ABD40E3D0BB4}.Release|Any CPU.ActiveCfg = Release|Any CPU
		{DF4EBC65-BB65-44CE-A36B-ABD40E3D0BB4}.Release|Any CPU.Build.0 = Release|Any CPU
		{7C61EEE9-0425-4430-B1FC-1C49A0152D7D}.Debug|Any CPU.ActiveCfg = Debug|Any CPU
		{7C61EEE9-0425-4430-B1FC-1C49A0152D7D}.Debug|Any CPU.Build.0 = Debug|Any CPU
		{7C61EEE9-0425-4430-B1FC-1C49A0152D7D}.Release|Any CPU.ActiveCfg = Release|Any CPU
		{7C61EEE9-0425-4430-B1FC-1C49A0152D7D}.Release|Any CPU.Build.0 = Release|Any CPU
		{DCED9231-8374-4DBF-9A2A-4D6B00134656}.Debug|Any CPU.ActiveCfg = Debug|Any CPU
		{DCED9231-8374-4DBF-9A2A-4D6B00134656}.Debug|Any CPU.Build.0 = Debug|Any CPU
		{DCED9231-8374-4DBF-9A2A-4D6B00134656}.Release|Any CPU.ActiveCfg = Release|Any CPU
		{DCED9231-8374-4DBF-9A2A-4D6B00134656}.Release|Any CPU.Build.0 = Release|Any CPU
		{71DAF171-2935-4D43-AA08-677245A91942}.Debug|Any CPU.ActiveCfg = Debug|Any CPU
		{71DAF171-2935-4D43-AA08-677245A91942}.Debug|Any CPU.Build.0 = Debug|Any CPU
		{71DAF171-2935-4D43-AA08-677245A91942}.Release|Any CPU.ActiveCfg = Release|Any CPU
		{71DAF171-2935-4D43-AA08-677245A91942}.Release|Any CPU.Build.0 = Release|Any CPU
		{50D779E5-341D-473F-A054-0606F2D931B4}.Debug|Any CPU.ActiveCfg = Debug|Any CPU
		{50D779E5-341D-473F-A054-0606F2D931B4}.Debug|Any CPU.Build.0 = Debug|Any CPU
		{50D779E5-341D-473F-A054-0606F2D931B4}.Release|Any CPU.ActiveCfg = Release|Any CPU
		{50D779E5-341D-473F-A054-0606F2D931B4}.Release|Any CPU.Build.0 = Release|Any CPU
		{B3E55904-83E6-4203-B82B-10DF4EDDE8A1}.Debug|Any CPU.ActiveCfg = Debug|Any CPU
		{B3E55904-83E6-4203-B82B-10DF4EDDE8A1}.Debug|Any CPU.Build.0 = Debug|Any CPU
		{B3E55904-83E6-4203-B82B-10DF4EDDE8A1}.Release|Any CPU.ActiveCfg = Release|Any CPU
		{B3E55904-83E6-4203-B82B-10DF4EDDE8A1}.Release|Any CPU.Build.0 = Release|Any CPU
		{4344DE58-E4FA-413B-B0B9-D2A339824A1E}.Debug|Any CPU.ActiveCfg = Debug|Any CPU
		{4344DE58-E4FA-413B-B0B9-D2A339824A1E}.Debug|Any CPU.Build.0 = Debug|Any CPU
		{4344DE58-E4FA-413B-B0B9-D2A339824A1E}.Release|Any CPU.ActiveCfg = Release|Any CPU
		{4344DE58-E4FA-413B-B0B9-D2A339824A1E}.Release|Any CPU.Build.0 = Release|Any CPU
		{73186FFF-FE44-4F5E-890E-932BF7C88EA0}.Debug|Any CPU.ActiveCfg = Debug|Any CPU
		{73186FFF-FE44-4F5E-890E-932BF7C88EA0}.Debug|Any CPU.Build.0 = Debug|Any CPU
		{73186FFF-FE44-4F5E-890E-932BF7C88EA0}.Release|Any CPU.ActiveCfg = Release|Any CPU
		{73186FFF-FE44-4F5E-890E-932BF7C88EA0}.Release|Any CPU.Build.0 = Release|Any CPU
		{D906E2CC-07B0-45D0-95F0-8ABF7999B787}.Debug|Any CPU.ActiveCfg = Debug|Any CPU
		{D906E2CC-07B0-45D0-95F0-8ABF7999B787}.Debug|Any CPU.Build.0 = Debug|Any CPU
		{D906E2CC-07B0-45D0-95F0-8ABF7999B787}.Release|Any CPU.ActiveCfg = Release|Any CPU
		{D906E2CC-07B0-45D0-95F0-8ABF7999B787}.Release|Any CPU.Build.0 = Release|Any CPU
	EndGlobalSection
	GlobalSection(SolutionProperties) = preSolution
		HideSolutionNode = FALSE
	EndGlobalSection
	GlobalSection(NestedProjects) = preSolution
		{B3E55904-83E6-4203-B82B-10DF4EDDE8A1} = {E2BFB297-7C3E-4817-961C-DD4B87318784}
		{4344DE58-E4FA-413B-B0B9-D2A339824A1E} = {1A93031F-9FA3-4F6D-9A76-1C55086E4831}
		{73186FFF-FE44-4F5E-890E-932BF7C88EA0} = {1A93031F-9FA3-4F6D-9A76-1C55086E4831}
		{D906E2CC-07B0-45D0-95F0-8ABF7999B787} = {1A93031F-9FA3-4F6D-9A76-1C55086E4831}
		{DCED9231-8374-4DBF-9A2A-4D6B00134656} = {27655E33-DD4A-48BF-8EAA-C6964A40EA11}
		{71DAF171-2935-4D43-AA08-677245A91942} = {27655E33-DD4A-48BF-8EAA-C6964A40EA11}
		{50D779E5-341D-473F-A054-0606F2D931B4} = {27655E33-DD4A-48BF-8EAA-C6964A40EA11}
		{DF4EBC65-BB65-44CE-A36B-ABD40E3D0BB4} = {1C17ACBE-E68B-452F-829F-5D3DF866F663}
		{7C61EEE9-0425-4430-B1FC-1C49A0152D7D} = {1C17ACBE-E68B-452F-829F-5D3DF866F663}
	EndGlobalSection
EndGlobal
